{
  "lockfileVersion": 1,
  "workspaces": {
    "": {
      "dependencies": {
        "ollama": "^0.5.16",
      },
    },
  },
  "packages": {
    "ollama": ["ollama@0.5.16", "", { "dependencies": { "whatwg-fetch": "^3.6.20" } }, "sha512-OEbxxOIUZtdZgOaTPAULo051F5y+Z1vosxEYOoABPnQKeW7i4O8tJNlxCB+xioyoorVqgjkdj+TA1f1Hy2ug/w=="],

    "whatwg-fetch": ["whatwg-fetch@3.6.20", "", {}, "sha512-EqhiFU6daOA8kpjOWTL0olhVOF3i7OrFzSYiGsEMB8GcXS+RrzauAERX65xMeNWVqxA6HXH2m69Z9LaKKdisfg=="],
  }
}
